{
  "name": "legacy-xml-proxy",
  "version": "1.0.0",
  "lockfileVersion": 3,
  "requires": true,
  "packages": {
    "": {
      "name": "legacy-xml-proxy",
      "version": "1.0.0",
      "dependencies": {
        "@miniflare/html-rewriter": "^2.14.4",
        "dotenv": "^17.2.3",
        "fast-xml-parser": "^5.3.3"
      }
    },
    "node_modules/@fastify/busboy": {
      "version": "2.1.1",
      "resolved": "https://registry.npmjs.org/@fastify/busboy/-/busboy-2.1.1.tgz",
      "integrity": "sha512-vBZP4NlzfOlerQTnba4aqZoMhE/a9HY7HRqoOPaETQcSQuWEIyZMHGfVu6w9wGtGK5fED5qRs2DteVCjOH60sA==",
      "license": "MIT",
      "engines": {
        "node": ">=14"
      }
    },
    "node_modules/@iarna/toml": {
      "version": "2.2.5",
      "resolved": "https://registry.npmjs.org/@iarna/toml/-/toml-2.2.5.tgz",
      "integrity": "sha512-trnsAYxU3xnS1gPHPyU961coFyLkh4gAD/0zQ5mymY4yOZ+CYvsPqUbOFSw0aDM4y0tV7tiFxL/1XfXPNC6IPg==",
      "license": "ISC"
    },
    "node_modules/@miniflare/core": {
      "version": "2.14.4",
      "resolved": "https://registry.npmjs.org/@miniflare/core/-/core-2.14.4.tgz",
      "integrity": "sha512-FMmZcC1f54YpF4pDWPtdQPIO8NXfgUxCoR9uyrhxKJdZu7M6n8QKopPVNuaxR40jcsdxb7yKoQoFWnHfzJD9GQ==",
      "deprecated": "Miniflare v2 is no longer supported. Please upgrade to Miniflare v4",
      "license": "MIT",
      "dependencies": {
        "@iarna/toml": "^2.2.5",
        "@miniflare/queues": "2.14.4",
        "@miniflare/shared": "2.14.4",
        "@miniflare/watcher": "2.14.4",
        "busboy": "^1.6.0",
        "dotenv": "^10.0.0",
        "kleur": "^4.1.4",
        "set-cookie-parser": "^2.4.8",
        "undici": "5.28.4",
        "urlpattern-polyfill": "^4.0.3"
      },
      "engines": {
        "node": ">=16.13"
      }
    },
    "node_modules/@miniflare/core/node_modules/dotenv": {
      "version": "10.0.0",
      "resolved": "https://registry.npmjs.org/dotenv/-/dotenv-10.0.0.tgz",
      "integrity": "sha512-rlBi9d8jpv9Sf1klPjNfFAuWDjKLwTIJJ/VxtoTwIR6hnZxcEOQCZg2oIL3MWBYw5GpUDKOEnND7LXTbIpQ03Q==",
      "license": "BSD-2-Clause",
      "engines": {
        "node": ">=10"
      }
    },
    "node_modules/@miniflare/html-rewriter": {
      "version": "2.14.4",
      "resolved": "https://registry.npmjs.org/@miniflare/html-rewriter/-/html-rewriter-2.14.4.tgz",
      "integrity": "sha512-GB/vZn7oLbnhw+815SGF+HU5EZqSxbhIa3mu2L5MzZ2q5VOD5NHC833qG8c2GzDPhIaZ99ITY+ZJmbR4d+4aNQ==",
      "deprecated": "Miniflare v2 is no longer supported. Please upgrade to Miniflare v4",
      "license": "MIT",
      "dependencies": {
        "@miniflare/core": "2.14.4",
        "@miniflare/shared": "2.14.4",
        "html-rewriter-wasm": "^0.4.1",
        "undici": "5.28.4"
      },
      "engines": {
        "node": ">=16.13"
      }
    },
    "node_modules/@miniflare/queues": {
      "version": "2.14.4",
      "resolved": "https://registry.npmjs.org/@miniflare/queues/-/queues-2.14.4.tgz",
      "integrity": "sha512-aXQ5Ik8Iq1KGMBzGenmd6Js/jJgqyYvjom95/N9GptCGpiVWE5F0XqC1SL5rCwURbHN+aWY191o8XOFyY2nCUA==",
      "deprecated": "Miniflare v2 is no longer supported. Please upgrade to Miniflare v4",
      "license": "MIT",
      "dependencies": {
        "@miniflare/shared": "2.14.4"
      },
      "engines": {
        "node": ">=16.7"
      }
    },
    "node_modules/@miniflare/shared": {
      "version": "2.14.4",
      "resolved": "https://registry.npmjs.org/@miniflare/shared/-/shared-2.14.4.tgz",
      "integrity": "sha512-upl4RSB3hyCnITOFmRZjJj4A72GmkVrtfZTilkdq5Qe5TTlzsjVeDJp7AuNUM9bM8vswRo+N5jOiot6O4PVwwQ==",
      "deprecated": "Miniflare v2 is no longer supported. Please upgrade to Miniflare v4",
      "license": "MIT",
      "dependencies": {
        "@types/better-sqlite3": "^7.6.0",
        "kleur": "^4.1.4",
        "npx-import": "^1.1.4",
        "picomatch": "^2.3.1"
      },
      "engines": {
        "node": ">=16.13"
      }
    },
    "node_modules/@miniflare/watcher": {
      "version": "2.14.4",
      "resolved": "https://registry.npmjs.org/@miniflare/watcher/-/watcher-2.14.4.tgz",
      "integrity": "sha512-PYn05ET2USfBAeXF6NZfWl0O32KVyE8ncQ/ngysrh3hoIV7l3qGGH7ubeFx+D8VWQ682qYhwGygUzQv2j1tGGg==",
      "deprecated": "Miniflare v2 is no longer supported. Please upgrade to Miniflare v4",
      "license": "MIT",
      "dependencies": {
        "@miniflare/shared": "2.14.4"
      },
      "engines": {
        "node": ">=16.13"
      }
    },
    "node_modules/@types/better-sqlite3": {
      "version": "7.6.13",
      "resolved": "https://registry.npmjs.org/@types/better-sqlite3/-/better-sqlite3-7.6.13.tgz",
      "integrity": "sha512-NMv9ASNARoKksWtsq/SHakpYAYnhBrQgGD8zkLYk/jaK8jUGn08CfEdTRgYhMypUQAfzSP8W6gNLe0q19/t4VA==",
      "license": "MIT",
      "dependencies": {
        "@types/node": "*"
      }
    },
    "node_modules/@types/node": {
      "version": "25.2.1",
      "resolved": "https://registry.npmjs.org/@types/node/-/node-25.2.1.tgz",
      "integrity": "sha512-CPrnr8voK8vC6eEtyRzvMpgp3VyVRhgclonE7qYi6P9sXwYb59ucfrnmFBTaP0yUi8Gk4yZg/LlTJULGxvTNsg==",
      "license": "MIT",
      "dependencies": {
        "undici-types": "~7.16.0"
      }
    },
    "node_modules/builtins": {
      "version": "5.1.0",
      "resolved": "https://registry.npmjs.org/builtins/-/builtins-5.1.0.tgz",
      "integrity": "sha512-SW9lzGTLvWTP1AY8xeAMZimqDrIaSdLQUcVr9DMef51niJ022Ri87SwRRKYm4A6iHfkPaiVUu/Duw2Wc4J7kKg==",
      "license": "MIT",
      "dependencies": {
        "semver": "^7.0.0"
      }
    },
    "node_modules/busboy": {
      "version": "1.6.0",
      "resolved": "https://registry.npmjs.org/busboy/-/busboy-1.6.0.tgz",
      "integrity": "sha512-8SFQbg/0hQ9xy3UNTB0YEnsNBbWfhf7RtnzpL7TkBiTBRfrQ9Fxcnz7VJsleJpyp6rVLvXiuORqjlHi5q+PYuA==",
      "dependencies": {
        "streamsearch": "^1.1.0"
      },
      "engines": {
        "node": ">=10.16.0"
      }
    },
    "node_modules/cross-spawn": {
      "version": "7.0.6",
      "resolved": "https://registry.npmjs.org/cross-spawn/-/cross-spawn-7.0.6.tgz",
      "integrity": "sha512-uV2QOWP2nWzsy2aMp8aRibhi9dlzF5Hgh5SHaB9OiTGEyDTiJJyx0uy51QXdyWbtAHNua4XJzUKca3OzKUd3vA==",
      "license": "MIT",
      "dependencies": {
        "path-key": "^3.1.0",
        "shebang-command": "^2.0.0",
        "which": "^2.0.1"
      },
      "engines": {
        "node": ">= 8"
      }
    },
    "node_modules/dotenv": {
      "version": "17.2.3",
      "resolved": "https://registry.npmjs.org/dotenv/-/dotenv-17.2.3.tgz",
      "integrity": "sha512-JVUnt+DUIzu87TABbhPmNfVdBDt18BLOWjMUFJMSi/Qqg7NTYtabbvSNJGOJ7afbRuv9D/lngizHtP7QyLQ+9w==",
      "license": "BSD-2-Clause",
      "engines": {
        "node": ">=12"
      },
      "funding": {
        "url": "https://dotenvx.com"
      }
    },
    "node_modules/execa": {
      "version": "6.1.0",
      "resolved": "https://registry.npmjs.org/execa/-/execa-6.1.0.tgz",
      "integrity": "sha512-QVWlX2e50heYJcCPG0iWtf8r0xjEYfz/OYLGDYH+IyjWezzPNxz63qNFOu0l4YftGWuizFVZHHs8PrLU5p2IDA==",
      "license": "MIT",
      "dependencies": {
        "cross-spawn": "^7.0.3",
        "get-stream": "^6.0.1",
        "human-signals": "^3.0.1",
        "is-stream": "^3.0.0",
        "merge-stream": "^2.0.0",
        "npm-run-path": "^5.1.0",
        "onetime": "^6.0.0",
        "signal-exit": "^3.0.7",
        "strip-final-newline": "^3.0.0"
      },
      "engines": {
        "node": "^12.20.0 || ^14.13.1 || >=16.0.0"
      },
      "funding": {
        "url": "https://github.com/sindresorhus/execa?sponsor=1"
      }
    },
    "node_modules/fast-xml-parser": {
      "version": "5.3.3",
      "resolved": "https://registry.npmjs.org/fast-xml-parser/-/fast-xml-parser-5.3.3.tgz",
      "integrity": "sha512-2O3dkPAAC6JavuMm8+4+pgTk+5hoAs+CjZ+sWcQLkX9+/tHRuTkQh/Oaifr8qDmZ8iEHb771Ea6G8CdwkrgvYA==",
      "funding": [
        {
          "type": "github",
          "url": "https://github.com/sponsors/NaturalIntelligence"
        }
      ],
      "license": "MIT",
      "dependencies": {
        "strnum": "^2.1.0"
      },
      "bin": {
        "fxparser": "src/cli/cli.js"
      }
    },
    "node_modules/get-stream": {
      "version": "6.0.1",
      "resolved": "https://registry.npmjs.org/get-stream/-/get-stream-6.0.1.tgz",
      "integrity": "sha512-ts6Wi+2j3jQjqi70w5AlN8DFnkSwC+MqmxEzdEALB2qXZYV3X/b1CTfgPLGJNMeAWxdPfU8FO1ms3NUfaHCPYg==",
      "license": "MIT",
      "engines": {
        "node": ">=10"
      },
      "funding": {
        "url": "https://github.com/sponsors/sindresorhus"
      }
    },
    "node_modules/html-rewriter-wasm": {
      "version": "0.4.1",
      "resolved": "https://registry.npmjs.org/html-rewriter-wasm/-/html-rewriter-wasm-0.4.1.tgz",
      "integrity": "sha512-lNovG8CMCCmcVB1Q7xggMSf7tqPCijZXaH4gL6iE8BFghdQCbaY5Met9i1x2Ex8m/cZHDUtXK9H6/znKamRP8Q==",
      "license": "BSD-3-Clause"
    },
    "node_modules/human-signals": {
      "version": "3.0.1",
      "resolved": "https://registry.npmjs.org/human-signals/-/human-signals-3.0.1.tgz",
      "integrity": "sha512-rQLskxnM/5OCldHo+wNXbpVgDn5A17CUoKX+7Sokwaknlq7CdSnphy0W39GU8dw59XiCXmFXDg4fRuckQRKewQ==",
      "license": "Apache-2.0",
      "engines": {
        "node": ">=12.20.0"
      }
    },
    "node_modules/is-stream": {
      "version": "3.0.0",
      "resolved": "https://registry.npmjs.org/is-stream/-/is-stream-3.0.0.tgz",
      "integrity": "sha512-LnQR4bZ9IADDRSkvpqMGvt/tEJWclzklNgSw48V5EAaAeDd6qGvN8ei6k5p0tvxSR171VmGyHuTiAOfxAbr8kA==",
      "license": "MIT",
      "engines": {
        "node": "^12.20.0 || ^14.13.1 || >=16.0.0"
      },
      "funding": {
        "url": "https://github.com/sponsors/sindresorhus"
      }
    },
    "node_modules/isexe": {
      "version": "2.0.0",
      "resolved": "https://registry.npmjs.org/isexe/-/isexe-2.0.0.tgz",
      "integrity": "sha512-RHxMLp9lnKHGHRng9QFhRCMbYAcVpn69smSGcq3f36xjgVVWThj4qqLbTLlq7Ssj8B+fIQ1EuCEGI2lKsyQeIw==",
      "license": "ISC"
    },
    "node_modules/kleur": {
      "version": "4.1.5",
      "resolved": "https://registry.npmjs.org/kleur/-/kleur-4.1.5.tgz",
      "integrity": "sha512-o+NO+8WrRiQEE4/7nwRJhN1HWpVmJm511pBHUxPLtp0BUISzlBplORYSmTclCnJvQq2tKu/sgl3xVpkc7ZWuQQ==",
      "license": "MIT",
      "engines": {
        "node": ">=6"
      }
    },
    "node_modules/merge-stream": {
      "version": "2.0.0",
      "resolved": "https://registry.npmjs.org/merge-stream/-/merge-stream-2.0.0.tgz",
      "integrity": "sha512-abv/qOcuPfk3URPfDzmZU1LKmuw8kT+0nIHvKrKgFrwifol/doWcdA4ZqsWQ8ENrFKkd67Mfpo/LovbIUsbt3w==",
      "license": "MIT"
    },
    "node_modules/mimic-fn": {
      "version": "4.0.0",
      "resolved": "https://registry.npmjs.org/mimic-fn/-/mimic-fn-4.0.0.tgz",
      "integrity": "sha512-vqiC06CuhBTUdZH+RYl8sFrL096vA45Ok5ISO6sE/Mr1jRbGH4Csnhi8f3wKVl7x8mO4Au7Ir9D3Oyv1VYMFJw==",
      "license": "MIT",
      "engines": {
        "node": ">=12"
      },
      "funding": {
        "url": "https://github.com/sponsors/sindresorhus"
      }
    },
    "node_modules/npm-run-path": {
      "version": "5.3.0",
      "resolved": "https://registry.npmjs.org/npm-run-path/-/npm-run-path-5.3.0.tgz",
      "integrity": "sha512-ppwTtiJZq0O/ai0z7yfudtBpWIoxM8yE6nHi1X47eFR2EWORqfbu6CnPlNsjeN683eT0qG6H/Pyf9fCcvjnnnQ==",
      "license": "MIT",
      "dependencies": {
        "path-key": "^4.0.0"
      },
      "engines": {
        "node": "^12.20.0 || ^14.13.1 || >=16.0.0"
      },
      "funding": {
        "url": "https://github.com/sponsors/sindresorhus"
      }
    },
    "node_modules/npm-run-path/node_modules/path-key": {
      "version": "4.0.0",
      "resolved": "https://registry.npmjs.org/path-key/-/path-key-4.0.0.tgz",
      "integrity": "sha512-haREypq7xkM7ErfgIyA0z+Bj4AGKlMSdlQE2jvJo6huWD1EdkKYV+G/T4nq0YEF2vgTT8kqMFKo1uHn950r4SQ==",
      "license": "MIT",
      "engines": {
        "node": ">=12"
      },
      "funding": {
        "url": "https://github.com/sponsors/sindresorhus"
      }
    },
    "node_modules/npx-import": {
      "version": "1.1.4",
      "resolved": "https://registry.npmjs.org/npx-import/-/npx-import-1.1.4.tgz",
      "integrity": "sha512-3ShymTWOgqGyNlh5lMJAejLuIv3W1K3fbI5Ewc6YErZU3Sp0PqsNs8UIU1O8z5+KVl/Du5ag56Gza9vdorGEoA==",
      "license": "ISC",
      "dependencies": {
        "execa": "^6.1.0",
        "parse-package-name": "^1.0.0",
        "semver": "^7.3.7",
        "validate-npm-package-name": "^4.0.0"
      }
    },
    "node_modules/onetime": {
      "version": "6.0.0",
      "resolved": "https://registry.npmjs.org/onetime/-/onetime-6.0.0.tgz",
      "integrity": "sha512-1FlR+gjXK7X+AsAHso35MnyN5KqGwJRi/31ft6x0M194ht7S+rWAvd7PHss9xSKMzE0asv1pyIHaJYq+BbacAQ==",
      "license": "MIT",
      "dependencies": {
        "mimic-fn": "^4.0.0"
      },
      "engines": {
        "node": ">=12"
      },
      "funding": {
        "url": "https://github.com/sponsors/sindresorhus"
      }
    },
    "node_modules/parse-package-name": {
      "version": "1.0.0",
      "resolved": "https://registry.npmjs.org/parse-package-name/-/parse-package-name-1.0.0.tgz",
      "integrity": "sha512-kBeTUtcj+SkyfaW4+KBe0HtsloBJ/mKTPoxpVdA57GZiPerREsUWJOhVj9anXweFiJkm5y8FG1sxFZkZ0SN6wg==",
      "license": "MIT"
    },
    "node_modules/path-key": {
      "version": "3.1.1",
      "resolved": "https://registry.npmjs.org/path-key/-/path-key-3.1.1.tgz",
      "integrity": "sha512-ojmeN0qd+y0jszEtoY48r0Peq5dwMEkIlCOu6Q5f41lfkswXuKtYrhgoTpLnyIcHm24Uhqx+5Tqm2InSwLhE6Q==",
      "license": "MIT",
      "engines": {
        "node": ">=8"
      }
    },
    "node_modules/picomatch": {
      "version": "2.3.1",
      "resolved": "https://registry.npmjs.org/picomatch/-/picomatch-2.3.1.tgz",
      "integrity": "sha512-JU3teHTNjmE2VCGFzuY8EXzCDVwEqB2a8fsIvwaStHhAWJEeVd1o1QD80CU6+ZdEXXSLbSsuLwJjkCBWqRQUVA==",
      "license": "MIT",
      "engines": {
        "node": ">=8.6"
      },
      "funding": {
        "url": "https://github.com/sponsors/jonschlinkert"
      }
    },
    "node_modules/semver": {
      "version": "7.7.4",
      "resolved": "https://registry.npmjs.org/semver/-/semver-7.7.4.tgz",
      "integrity": "sha512-vFKC2IEtQnVhpT78h1Yp8wzwrf8CM+MzKMHGJZfBtzhZNycRFnXsHk6E5TxIkkMsgNS7mdX3AGB7x2QM2di4lA==",
      "license": "ISC",
      "bin": {
        "semver": "bin/semver.js"
      },
      "engines": {
        "node": ">=10"
      }
    },
    "node_modules/set-cookie-parser": {
      "version": "2.7.2",
      "resolved": "https://registry.npmjs.org/set-cookie-parser/-/set-cookie-parser-2.7.2.tgz",
      "integrity": "sha512-oeM1lpU/UvhTxw+g3cIfxXHyJRc/uidd3yK1P242gzHds0udQBYzs3y8j4gCCW+ZJ7ad0yctld8RYO+bdurlvw==",
      "license": "MIT"
    },
    "node_modules/shebang-command": {
      "version": "2.0.0",
      "resolved": "https://registry.npmjs.org/shebang-command/-/shebang-command-2.0.0.tgz",
      "integrity": "sha512-kHxr2zZpYtdmrN1qDjrrX/Z1rR1kG8Dx+gkpK1G4eXmvXswmcE1hTWBWYUzlraYw1/yZp6YuDY77YtvbN0dmDA==",
      "license": "MIT",
      "dependencies": {
        "shebang-regex": "^3.0.0"
      },
      "engines": {
        "node": ">=8"
      }
    },
    "node_modules/shebang-regex": {
      "version": "3.0.0",
      "resolved": "https://registry.npmjs.org/shebang-regex/-/shebang-regex-3.0.0.tgz",
      "integrity": "sha512-7++dFhtcx3353uBaq8DDR4NuxBetBzC7ZQOhmTQInHEd6bSrXdiEyzCvG07Z44UYdLShWUyXt5M/yhz8ekcb1A==",
      "license": "MIT",
      "engines": {
        "node": ">=8"
      }
    },
    "node_modules/signal-exit": {
      "version": "3.0.7",
      "resolved": "https://registry.npmjs.org/signal-exit/-/signal-exit-3.0.7.tgz",
      "integrity": "sha512-wnD2ZE+l+SPC/uoS0vXeE9L1+0wuaMqKlfz9AMUo38JsyLSBWSFcHR1Rri62LZc12vLr1gb3jl7iwQhgwpAbGQ==",
      "license": "ISC"
    },
    "node_modules/streamsearch": {
      "version": "1.1.0",
      "resolved": "https://registry.npmjs.org/streamsearch/-/streamsearch-1.1.0.tgz",
      "integrity": "sha512-Mcc5wHehp9aXz1ax6bZUyY5afg9u2rv5cqQI3mRrYkGC8rW2hM02jWuwjtL++LS5qinSyhj2QfLyNsuc+VsExg==",
      "engines": {
        "node": ">=10.0.0"
      }
    },
    "node_modules/strip-final-newline": {
      "version": "3.0.0",
      "resolved": "https://registry.npmjs.org/strip-final-newline/-/strip-final-newline-3.0.0.tgz",
      "integrity": "sha512-dOESqjYr96iWYylGObzd39EuNTa5VJxyvVAEm5Jnh7KGo75V43Hk1odPQkNDyXNmUR6k+gEiDVXnjB8HJ3crXw==",
      "license": "MIT",
      "engines": {
        "node": ">=12"
      },
      "funding": {
        "url": "https://github.com/sponsors/sindresorhus"
      }
    },
    "node_modules/strnum": {
      "version": "2.1.2",
      "resolved": "https://registry.npmjs.org/strnum/-/strnum-2.1.2.tgz",
      "integrity": "sha512-l63NF9y/cLROq/yqKXSLtcMeeyOfnSQlfMSlzFt/K73oIaD8DGaQWd7Z34X9GPiKqP5rbSh84Hl4bOlLcjiSrQ==",
      "funding": [
        {
          "type": "github",
          "url": "https://github.com/sponsors/NaturalIntelligence"
        }
      ],
      "license": "MIT"
    },
    "node_modules/undici": {
      "version": "5.28.4",
      "resolved": "https://registry.npmjs.org/undici/-/undici-5.28.4.tgz",
      "integrity": "sha512-72RFADWFqKmUb2hmmvNODKL3p9hcB6Gt2DOQMis1SEBaV6a4MH8soBvzg+95CYhCKPFedut2JY9bMfrDl9D23g==",
      "license": "MIT",
      "dependencies": {
        "@fastify/busboy": "^2.0.0"
      },
      "engines": {
        "node": ">=14.0"
      }
    },
    "node_modules/undici-types": {
      "version": "7.16.0",
      "resolved": "https://registry.npmjs.org/undici-types/-/undici-types-7.16.0.tgz",
      "integrity": "sha512-Zz+aZWSj8LE6zoxD+xrjh4VfkIG8Ya6LvYkZqtUQGJPZjYl53ypCaUwWqo7eI0x66KBGeRo+mlBEkMSeSZ38Nw==",
      "license": "MIT"
    },
    "node_modules/urlpattern-polyfill": {
      "version": "4.0.3",
      "resolved": "https://registry.npmjs.org/urlpattern-polyfill/-/urlpattern-polyfill-4.0.3.tgz",
      "integrity": "sha512-DOE84vZT2fEcl9gqCUTcnAw5ZY5Id55ikUcziSUntuEFL3pRvavg5kwDmTEUJkeCHInTlV/HexFomgYnzO5kdQ==",
      "license": "MIT"
    },
    "node_modules/validate-npm-package-name": {
      "version": "4.0.0",
      "resolved": "https://registry.npmjs.org/validate-npm-package-name/-/validate-npm-package-name-4.0.0.tgz",
      "integrity": "sha512-mzR0L8ZDktZjpX4OB46KT+56MAhl4EIazWP/+G/HPGuvfdaqg4YsCdtOm6U9+LOFyYDoh4dpnpxZRB9MQQns5Q==",
      "license": "ISC",
      "dependencies": {
        "builtins": "^5.0.0"
      },
      "engines": {
        "node": "^12.13.0 || ^14.15.0 || >=16.0.0"
      }
    },
    "node_modules/which": {
      "version": "2.0.2",
      "resolved": "https://registry.npmjs.org/which/-/which-2.0.2.tgz",
      "integrity": "sha512-BLI3Tl1TW3Pvl70l3yq3Y64i+awpwXqsGBYWkkqMtnbXgrMD+yj7rhW0kuEDxzJaYXGjEW5ogapKNMEKNMjibA==",
      "license": "ISC",
      "dependencies": {
        "isexe": "^2.0.0"
      },
      "bin": {
        "node-which": "bin/node-which"
      },
      "engines": {
        "node": ">= 8"
      }
    }
  }
}
